{
  "name": "threejs-experiments",
  "lockfileVersion": 2,
  "requires": true,
  "packages": {
    "": {
      "dependencies": {
        "lil-gui": "^0.14.0"
      }
    },
    "node_modules/lil-gui": {
      "version": "0.14.0",
      "resolved": "https://registry.npmjs.org/lil-gui/-/lil-gui-0.14.0.tgz",
      "integrity": "sha512-pWdM6KK9xhUyGBQt6tgamvP4S5I1tcqCtI1SqJKwCBYwL55s6C9QTBaHYZwBcbfRdeu0LxNeCCbfD29nV4ROzA=="
    }
  },
  "dependencies": {
    "lil-gui": {
      "version": "0.14.0",
      "resolved": "https://registry.npmjs.org/lil-gui/-/lil-gui-0.14.0.tgz",
      "integrity": "sha512-pWdM6KK9xhUyGBQt6tgamvP4S5I1tcqCtI1SqJKwCBYwL55s6C9QTBaHYZwBcbfRdeu0LxNeCCbfD29nV4ROzA=="
    }
  }
}
